// !$*UTF8*$!
{
	archiveVersion = 1;
	classes = {
	};
	objectVersion = 46;
	objects = {

/* Begin PBXBuildFile section */
		A00660C11C72B3B5007CDE18 /* ZyhHomeViewController.m in Sources */ = {isa = PBXBuildFile; fileRef = A00660BF1C72B3B5007CDE18 /* ZyhHomeViewController.m */; };
		A00660C21C72B3B5007CDE18 /* ZyhHomeViewController.xib in Resources */ = {isa = PBXBuildFile; fileRef = A00660C01C72B3B5007CDE18 /* ZyhHomeViewController.xib */; };
		A0A28F6C1C6D6BEF00880530 /* ZYHWBTableViewCell.m in Sources */ = {isa = PBXBuildFile; fileRef = A0A28F6A1C6D6BEF00880530 /* ZYHWBTableViewCell.m */; };
		A0A28F6D1C6D6BEF00880530 /* ZYHWBTableViewCell.xib in Resources */ = {isa = PBXBuildFile; fileRef = A0A28F6B1C6D6BEF00880530 /* ZYHWBTableViewCell.xib */; };
		A0A62F891C69EE7800ADE7BB /* main.m in Sources */ = {isa = PBXBuildFile; fileRef = A0A62F881C69EE7800ADE7BB /* main.m */; };
		A0A62F951C69EE7800ADE7BB /* wbOrwc.xcdatamodeld in Sources */ = {isa = PBXBuildFile; fileRef = A0A62F931C69EE7800ADE7BB /* wbOrwc.xcdatamodeld */; };
		A0A62F971C69EE7800ADE7BB /* Assets.xcassets in Resources */ = {isa = PBXBuildFile; fileRef = A0A62F961C69EE7800ADE7BB /* Assets.xcassets */; };
		A0A62F9A1C69EE7800ADE7BB /* LaunchScreen.storyboard in Resources */ = {isa = PBXBuildFile; fileRef = A0A62F981C69EE7800ADE7BB /* LaunchScreen.storyboard */; };
		A0A62FA51C69EE7800ADE7BB /* wbOrwcTests.m in Sources */ = {isa = PBXBuildFile; fileRef = A0A62FA41C69EE7800ADE7BB /* wbOrwcTests.m */; };
		A0A62FB01C69EE7800ADE7BB /* wbOrwcUITests.m in Sources */ = {isa = PBXBuildFile; fileRef = A0A62FAF1C69EE7800ADE7BB /* wbOrwcUITests.m */; };
		A0A62FBF1C6A23AA00ADE7BB /* AppDelegate.m in Sources */ = {isa = PBXBuildFile; fileRef = A0A62F8B1C69EE7800ADE7BB /* AppDelegate.m */; };
		A0A62FC31C6A292C00ADE7BB /* ZYHLoginViewController.m in Sources */ = {isa = PBXBuildFile; fileRef = A0A62FC11C6A292C00ADE7BB /* ZYHLoginViewController.m */; };
		A0A62FC41C6A292C00ADE7BB /* ZYHLoginViewController.xib in Resources */ = {isa = PBXBuildFile; fileRef = A0A62FC21C6A292C00ADE7BB /* ZYHLoginViewController.xib */; };
		A0AEC09E1C6EB6290082D95D /* ZYHVideoViewController.m in Sources */ = {isa = PBXBuildFile; fileRef = A0AEC09C1C6EB6290082D95D /* ZYHVideoViewController.m */; };
		A0AEC09F1C6EB6290082D95D /* ZYHVideoViewController.xib in Resources */ = {isa = PBXBuildFile; fileRef = A0AEC09D1C6EB6290082D95D /* ZYHVideoViewController.xib */; };
		A0AEC0E91C6F2CE30082D95D /* ZYHImgViewController.m in Sources */ = {isa = PBXBuildFile; fileRef = A0AEC0E71C6F2CE30082D95D /* ZYHImgViewController.m */; };
		A0AEC0EA1C6F2CE30082D95D /* ZYHImgViewController.xib in Resources */ = {isa = PBXBuildFile; fileRef = A0AEC0E81C6F2CE30082D95D /* ZYHImgViewController.xib */; };
		A0C02DA31C6BF94B0012C72D /* ZYHVisitViewController.m in Sources */ = {isa = PBXBuildFile; fileRef = A0C02DA11C6BF94B0012C72D /* ZYHVisitViewController.m */; };
		A0C02DA41C6BF94B0012C72D /* ZYHVisitViewController.xib in Resources */ = {isa = PBXBuildFile; fileRef = A0C02DA21C6BF94B0012C72D /* ZYHVisitViewController.xib */; };
		A0C02DA71C6C0ACA0012C72D /* ZYHModel.m in Sources */ = {isa = PBXBuildFile; fileRef = A0C02DA61C6C0ACA0012C72D /* ZYHModel.m */; };
/* End PBXBuildFile section */

/* Begin PBXContainerItemProxy section */
		A0A62FA11C69EE7800ADE7BB /* PBXContainerItemProxy */ = {
			isa = PBXContainerItemProxy;
			containerPortal = A0A62F7C1C69EE7800ADE7BB /* Project object */;
			proxyType = 1;
			remoteGlobalIDString = A0A62F831C69EE7800ADE7BB;
			remoteInfo = wbOrwc;
		};
		A0A62FAC1C69EE7800ADE7BB /* PBXContainerItemProxy */ = {
			isa = PBXContainerItemProxy;
			containerPortal = A0A62F7C1C69EE7800ADE7BB /* Project object */;
			proxyType = 1;
			remoteGlobalIDString = A0A62F831C69EE7800ADE7BB;
			remoteInfo = wbOrwc;
		};
/* End PBXContainerItemProxy section */

/* Begin PBXFileReference section */
		A00660BE1C72B3B5007CDE18 /* ZyhHomeViewController.h */ = {isa = PBXFileReference; fileEncoding = 4; lastKnownFileType = sourcecode.c.h; path = ZyhHomeViewController.h; sourceTree = "<group>"; };
		A00660BF1C72B3B5007CDE18 /* ZyhHomeViewController.m */ = {isa = PBXFileReference; fileEncoding = 4; lastKnownFileType = sourcecode.c.objc; path = ZyhHomeViewController.m; sourceTree = "<group>"; };
		A00660C01C72B3B5007CDE18 /* ZyhHomeViewController.xib */ = {isa = PBXFileReference; fileEncoding = 4; lastKnownFileType = file.xib; path = ZyhHomeViewController.xib; sourceTree = "<group>"; };
		A0A28F691C6D6BEF00880530 /* ZYHWBTableViewCell.h */ = {isa = PBXFileReference; fileEncoding = 4; lastKnownFileType = sourcecode.c.h; path = ZYHWBTableViewCell.h; sourceTree = "<group>"; };
		A0A28F6A1C6D6BEF00880530 /* ZYHWBTableViewCell.m */ = {isa = PBXFileReference; fileEncoding = 4; lastKnownFileType = sourcecode.c.objc; path = ZYHWBTableViewCell.m; sourceTree = "<group>"; };
		A0A28F6B1C6D6BEF00880530 /* ZYHWBTableViewCell.xib */ = {isa = PBXFileReference; fileEncoding = 4; lastKnownFileType = file.xib; path = ZYHWBTableViewCell.xib; sourceTree = "<group>"; };
		A0A62F841C69EE7800ADE7BB /* wbOrwc.app */ = {isa = PBXFileReference; explicitFileType = wrapper.application; includeInIndex = 0; path = wbOrwc.app; sourceTree = BUILT_PRODUCTS_DIR; };
		A0A62F881C69EE7800ADE7BB /* main.m */ = {isa = PBXFileReference; lastKnownFileType = sourcecode.c.objc; path = main.m; sourceTree = "<group>"; };
		A0A62F8A1C69EE7800ADE7BB /* AppDelegate.h */ = {isa = PBXFileReference; lastKnownFileType = sourcecode.c.h; path = AppDelegate.h; sourceTree = "<group>"; };
		A0A62F8B1C69EE7800ADE7BB /* AppDelegate.m */ = {isa = PBXFileReference; lastKnownFileType = sourcecode.c.objc; path = AppDelegate.m; sourceTree = "<group>"; };
		A0A62F941C69EE7800ADE7BB /* wbOrwc.xcdatamodel */ = {isa = PBXFileReference; lastKnownFileType = wrapper.xcdatamodel; path = wbOrwc.xcdatamodel; sourceTree = "<group>"; };
		A0A62F961C69EE7800ADE7BB /* Assets.xcassets */ = {isa = PBXFileReference; lastKnownFileType = folder.assetcatalog; path = Assets.xcassets; sourceTree = "<group>"; };
		A0A62F991C69EE7800ADE7BB /* Base */ = {isa = PBXFileReference; lastKnownFileType = file.storyboard; name = Base; path = Base.lproj/LaunchScreen.storyboard; sourceTree = "<group>"; };
		A0A62F9B1C69EE7800ADE7BB /* Info.plist */ = {isa = PBXFileReference; lastKnownFileType = text.plist.xml; path = Info.plist; sourceTree = "<group>"; };
		A0A62FA01C69EE7800ADE7BB /* wbOrwcTests.xctest */ = {isa = PBXFileReference; explicitFileType = wrapper.cfbundle; includeInIndex = 0; path = wbOrwcTests.xctest; sourceTree = BUILT_PRODUCTS_DIR; };
		A0A62FA41C69EE7800ADE7BB /* wbOrwcTests.m */ = {isa = PBXFileReference; lastKnownFileType = sourcecode.c.objc; path = wbOrwcTests.m; sourceTree = "<group>"; };
		A0A62FA61C69EE7800ADE7BB /* Info.plist */ = {isa = PBXFileReference; lastKnownFileType = text.plist.xml; path = Info.plist; sourceTree = "<group>"; };
		A0A62FAB1C69EE7800ADE7BB /* wbOrwcUITests.xctest */ = {isa = PBXFileReference; explicitFileType = wrapper.cfbundle; includeInIndex = 0; path = wbOrwcUITests.xctest; sourceTree = BUILT_PRODUCTS_DIR; };
		A0A62FAF1C69EE7800ADE7BB /* wbOrwcUITests.m */ = {isa = PBXFileReference; lastKnownFileType = sourcecode.c.objc; path = wbOrwcUITests.m; sourceTree = "<group>"; };
		A0A62FB11C69EE7800ADE7BB /* Info.plist */ = {isa = PBXFileReference; lastKnownFileType = text.plist.xml; path = Info.plist; sourceTree = "<group>"; };
		A0A62FC01C6A292C00ADE7BB /* ZYHLoginViewController.h */ = {isa = PBXFileReference; fileEncoding = 4; lastKnownFileType = sourcecode.c.h; path = ZYHLoginViewController.h; sourceTree = "<group>"; };
		A0A62FC11C6A292C00ADE7BB /* ZYHLoginViewController.m */ = {isa = PBXFileReference; fileEncoding = 4; lastKnownFileType = sourcecode.c.objc; path = ZYHLoginViewController.m; sourceTree = "<group>"; };
		A0A62FC21C6A292C00ADE7BB /* ZYHLoginViewController.xib */ = {isa = PBXFileReference; fileEncoding = 4; lastKnownFileType = file.xib; path = ZYHLoginViewController.xib; sourceTree = "<group>"; };
		A0AEC09B1C6EB6290082D95D /* ZYHVideoViewController.h */ = {isa = PBXFileReference; fileEncoding = 4; lastKnownFileType = sourcecode.c.h; path = ZYHVideoViewController.h; sourceTree = "<group>"; };
		A0AEC09C1C6EB6290082D95D /* ZYHVideoViewController.m */ = {isa = PBXFileReference; fileEncoding = 4; lastKnownFileType = sourcecode.c.objc; path = ZYHVideoViewController.m; sourceTree = "<group>"; };
		A0AEC09D1C6EB6290082D95D /* ZYHVideoViewController.xib */ = {isa = PBXFileReference; fileEncoding = 4; lastKnownFileType = file.xib; path = ZYHVideoViewController.xib; sourceTree = "<group>"; };
		A0AEC0E61C6F2CE30082D95D /* ZYHImgViewController.h */ = {isa = PBXFileReference; fileEncoding = 4; lastKnownFileType = sourcecode.c.h; path = ZYHImgViewController.h; sourceTree = "<group>"; };
		A0AEC0E71C6F2CE30082D95D /* ZYHImgViewController.m */ = {isa = PBXFileReference; fileEncoding = 4; lastKnownFileType = sourcecode.c.objc; path = ZYHImgViewController.m; sourceTree = "<group>"; };
		A0AEC0E81C6F2CE30082D95D /* ZYHImgViewController.xib */ = {isa = PBXFileReference; fileEncoding = 4; lastKnownFileType = file.xib; path = ZYHImgViewController.xib; sourceTree = "<group>"; };
		A0C02DA01C6BF94B0012C72D /* ZYHVisitViewController.h */ = {isa = PBXFileReference; fileEncoding = 4; lastKnownFileType = sourcecode.c.h; path = ZYHVisitViewController.h; sourceTree = "<group>"; };
		A0C02DA11C6BF94B0012C72D /* ZYHVisitViewController.m */ = {isa = PBXFileReference; fileEncoding = 4; lastKnownFileType = sourcecode.c.objc; path = ZYHVisitViewController.m; sourceTree = "<group>"; };
		A0C02DA21C6BF94B0012C72D /* ZYHVisitViewController.xib */ = {isa = PBXFileReference; fileEncoding = 4; lastKnownFileType = file.xib; path = ZYHVisitViewController.xib; sourceTree = "<group>"; };
		A0C02DA51C6C0ACA0012C72D /* ZYHModel.h */ = {isa = PBXFileReference; fileEncoding = 4; lastKnownFileType = sourcecode.c.h; path = ZYHModel.h; sourceTree = "<group>"; };
		A0C02DA61C6C0ACA0012C72D /* ZYHModel.m */ = {isa = PBXFileReference; fileEncoding = 4; lastKnownFileType = sourcecode.c.objc; path = ZYHModel.m; sourceTree = "<group>"; };
/* End PBXFileReference section */

/* Begin PBXFrameworksBuildPhase section */
		A0A62F811C69EE7800ADE7BB /* Frameworks */ = {
			isa = PBXFrameworksBuildPhase;
			buildActionMask = 2147483647;
			files = (
			);
			runOnlyForDeploymentPostprocessing = 0;
		};
		A0A62F9D1C69EE7800ADE7BB /* Frameworks */ = {
			isa = PBXFrameworksBuildPhase;
			buildActionMask = 2147483647;
			files = (
			);
			runOnlyForDeploymentPostprocessing = 0;
		};
		A0A62FA81C69EE7800ADE7BB /* Frameworks */ = {
			isa = PBXFrameworksBuildPhase;
			buildActionMask = 2147483647;
			files = (
			);
			runOnlyForDeploymentPostprocessing = 0;
		};
/* End PBXFrameworksBuildPhase section */

/* Begin PBXGroup section */
		A0A28F6E1C6E199400880530 /* Model */ = {
			isa = PBXGroup;
			children = (
				A0C02DA51C6C0ACA0012C72D /* ZYHModel.h */,
				A0C02DA61C6C0ACA0012C72D /* ZYHModel.m */,
			);
			name = Model;
			sourceTree = "<group>";
		};
		A0A28F6F1C6E19A000880530 /* View */ = {
			isa = PBXGroup;
			children = (
				A0A28F691C6D6BEF00880530 /* ZYHWBTableViewCell.h */,
				A0A28F6A1C6D6BEF00880530 /* ZYHWBTableViewCell.m */,
				A0A28F6B1C6D6BEF00880530 /* ZYHWBTableViewCell.xib */,
			);
			name = View;
			sourceTree = "<group>";
		};
		A0A28F701C6E19A600880530 /* Controller */ = {
			isa = PBXGroup;
			children = (
				A00660BE1C72B3B5007CDE18 /* ZyhHomeViewController.h */,
				A00660BF1C72B3B5007CDE18 /* ZyhHomeViewController.m */,
				A00660C01C72B3B5007CDE18 /* ZyhHomeViewController.xib */,
				A0C02DA01C6BF94B0012C72D /* ZYHVisitViewController.h */,
				A0C02DA11C6BF94B0012C72D /* ZYHVisitViewController.m */,
				A0C02DA21C6BF94B0012C72D /* ZYHVisitViewController.xib */,
				A0A62FC01C6A292C00ADE7BB /* ZYHLoginViewController.h */,
				A0A62FC11C6A292C00ADE7BB /* ZYHLoginViewController.m */,
				A0A62FC21C6A292C00ADE7BB /* ZYHLoginViewController.xib */,
				A0AEC09B1C6EB6290082D95D /* ZYHVideoViewController.h */,
				A0AEC09C1C6EB6290082D95D /* ZYHVideoViewController.m */,
				A0AEC09D1C6EB6290082D95D /* ZYHVideoViewController.xib */,
				A0AEC0E61C6F2CE30082D95D /* ZYHImgViewController.h */,
				A0AEC0E71C6F2CE30082D95D /* ZYHImgViewController.m */,
				A0AEC0E81C6F2CE30082D95D /* ZYHImgViewController.xib */,
			);
			name = Controller;
			sourceTree = "<group>";
		};
		A0A62F7B1C69EE7800ADE7BB = {
			isa = PBXGroup;
			children = (
				A0A62F861C69EE7800ADE7BB /* wbOrwc */,
				A0A62FA31C69EE7800ADE7BB /* wbOrwcTests */,
				A0A62FAE1C69EE7800ADE7BB /* wbOrwcUITests */,
				A0A62F851C69EE7800ADE7BB /* Products */,
			);
			sourceTree = "<group>";
		};
		A0A62F851C69EE7800ADE7BB /* Products */ = {
			isa = PBXGroup;
			children = (
				A0A62F841C69EE7800ADE7BB /* wbOrwc.app */,
				A0A62FA01C69EE7800ADE7BB /* wbOrwcTests.xctest */,
				A0A62FAB1C69EE7800ADE7BB /* wbOrwcUITests.xctest */,
			);
			name = Products;
			sourceTree = "<group>";
		};
		A0A62F861C69EE7800ADE7BB /* wbOrwc */ = {
			isa = PBXGroup;
			children = (
				A0A28F6E1C6E199400880530 /* Model */,
				A0A28F6F1C6E19A000880530 /* View */,
				A0A28F701C6E19A600880530 /* Controller */,
				A0A62F8A1C69EE7800ADE7BB /* AppDelegate.h */,
				A0A62F8B1C69EE7800ADE7BB /* AppDelegate.m */,
				A0A62F961C69EE7800ADE7BB /* Assets.xcassets */,
				A0A62F981C69EE7800ADE7BB /* LaunchScreen.storyboard */,
				A0A62F9B1C69EE7800ADE7BB /* Info.plist */,
				A0A62F931C69EE7800ADE7BB /* wbOrwc.xcdatamodeld */,
				A0A62F871C69EE7800ADE7BB /* Supporting Files */,
			);
			path = wbOrwc;
			sourceTree = "<group>";
		};
		A0A62F871C69EE7800ADE7BB /* Supporting Files */ = {
			isa = PBXGroup;
			children = (
				A0A62F881C69EE7800ADE7BB /* main.m */,
			);
			name = "Supporting Files";
			sourceTree = "<group>";
		};
		A0A62FA31C69EE7800ADE7BB /* wbOrwcTests */ = {
			isa = PBXGroup;
			children = (
				A0A62FA41C69EE7800ADE7BB /* wbOrwcTests.m */,
				A0A62FA61C69EE7800ADE7BB /* Info.plist */,
			);
			path = wbOrwcTests;
			sourceTree = "<group>";
		};
		A0A62FAE1C69EE7800ADE7BB /* wbOrwcUITests */ = {
			isa = PBXGroup;
			children = (
				A0A62FAF1C69EE7800ADE7BB /* wbOrwcUITests.m */,
				A0A62FB11C69EE7800ADE7BB /* Info.plist */,
			);
			path = wbOrwcUITests;
			sourceTree = "<group>";
		};
/* End PBXGroup section */

/* Begin PBXNativeTarget section */
		A0A62F831C69EE7800ADE7BB /* wbOrwc */ = {
			isa = PBXNativeTarget;
			buildConfigurationList = A0A62FB41C69EE7800ADE7BB /* Build configuration list for PBXNativeTarget "wbOrwc" */;
			buildPhases = (
				A0A62F801C69EE7800ADE7BB /* Sources */,
				A0A62F811C69EE7800ADE7BB /* Frameworks */,
				A0A62F821C69EE7800ADE7BB /* Resources */,
			);
			buildRules = (
			);
			dependencies = (
			);
			name = wbOrwc;
			productName = wbOrwc;
			productReference = A0A62F841C69EE7800ADE7BB /* wbOrwc.app */;
			productType = "com.apple.product-type.application";
		};
		A0A62F9F1C69EE7800ADE7BB /* wbOrwcTests */ = {
			isa = PBXNativeTarget;
			buildConfigurationList = A0A62FB71C69EE7800ADE7BB /* Build configuration list for PBXNativeTarget "wbOrwcTests" */;
			buildPhases = (
				A0A62F9C1C69EE7800ADE7BB /* Sources */,
				A0A62F9D1C69EE7800ADE7BB /* Frameworks */,
				A0A62F9E1C69EE7800ADE7BB /* Resources */,
			);
			buildRules = (
			);
			dependencies = (
				A0A62FA21C69EE7800ADE7BB /* PBXTargetDependency */,
			);
			name = wbOrwcTests;
			productName = wbOrwcTests;
			productReference = A0A62FA01C69EE7800ADE7BB /* wbOrwcTests.xctest */;
			productType = "com.apple.product-type.bundle.unit-test";
		};
		A0A62FAA1C69EE7800ADE7BB /* wbOrwcUITests */ = {
			isa = PBXNativeTarget;
			buildConfigurationList = A0A62FBA1C69EE7800ADE7BB /* Build configuration list for PBXNativeTarget "wbOrwcUITests" */;
			buildPhases = (
				A0A62FA71C69EE7800ADE7BB /* Sources */,
				A0A62FA81C69EE7800ADE7BB /* Frameworks */,
				A0A62FA91C69EE7800ADE7BB /* Resources */,
			);
			buildRules = (
			);
			dependencies = (
				A0A62FAD1C69EE7800ADE7BB /* PBXTargetDependency */,
			);
			name = wbOrwcUITests;
			productName = wbOrwcUITests;
			productReference = A0A62FAB1C69EE7800ADE7BB /* wbOrwcUITests.xctest */;
			productType = "com.apple.product-type.bundle.ui-testing";
		};
/* End PBXNativeTarget section */

/* Begin PBXProject section */
		A0A62F7C1C69EE7800ADE7BB /* Project object */ = {
			isa = PBXProject;
			attributes = {
				LastUpgradeCheck = 0720;
				ORGANIZATIONNAME = Jessee;
				TargetAttributes = {
					A0A62F831C69EE7800ADE7BB = {
						CreatedOnToolsVersion = 7.2.1;
						DevelopmentTeam = TK3293BU93;
					};
					A0A62F9F1C69EE7800ADE7BB = {
						CreatedOnToolsVersion = 7.2.1;
						DevelopmentTeam = TK3293BU93;
						TestTargetID = A0A62F831C69EE7800ADE7BB;
					};
					A0A62FAA1C69EE7800ADE7BB = {
						CreatedOnToolsVersion = 7.2.1;
						DevelopmentTeam = TK3293BU93;
						TestTargetID = A0A62F831C69EE7800ADE7BB;
					};
				};
			};
			buildConfigurationList = A0A62F7F1C69EE7800ADE7BB /* Build configuration list for PBXProject "wbOrwc" */;
			compatibilityVersion = "Xcode 3.2";
			developmentRegion = English;
			hasScannedForEncodings = 0;
			knownRegions = (
				en,
				Base,
			);
			mainGroup = A0A62F7B1C69EE7800ADE7BB;
			productRefGroup = A0A62F851C69EE7800ADE7BB /* Products */;
			projectDirPath = "";
			projectRoot = "";
			targets = (
				A0A62F831C69EE7800ADE7BB /* wbOrwc */,
				A0A62F9F1C69EE7800ADE7BB /* wbOrwcTests */,
				A0A62FAA1C69EE7800ADE7BB /* wbOrwcUITests */,
			);
		};
/* End PBXProject section */

/* Begin PBXResourcesBuildPhase section */
		A0A62F821C69EE7800ADE7BB /* Resources */ = {
			isa = PBXResourcesBuildPhase;
			buildActionMask = 2147483647;
			files = (
				A0AEC09F1C6EB6290082D95D /* ZYHVideoViewController.xib in Resources */,
				A0A28F6D1C6D6BEF00880530 /* ZYHWBTableViewCell.xib in Resources */,
				A0C02DA41C6BF94B0012C72D /* ZYHVisitViewController.xib in Resources */,
				A0A62F9A1C69EE7800ADE7BB /* LaunchScreen.storyboard in Resources */,
				A0AEC0EA1C6F2CE30082D95D /* ZYHImgViewController.xib in Resources */,
				A00660C21C72B3B5007CDE18 /* ZyhHomeViewController.xib in Resources */,
				A0A62F971C69EE7800ADE7BB /* Assets.xcassets in Resources */,
				A0A62FC41C6A292C00ADE7BB /* ZYHLoginViewController.xib in Resources */,
			);
			runOnlyForDeploymentPostprocessing = 0;
		};
		A0A62F9E1C69EE7800ADE7BB /* Resources */ = {
			isa = PBXResourcesBuildPhase;
			buildActionMask = 2147483647;
			files = (
			);
			runOnlyForDeploymentPostprocessing = 0;
		};
		A0A62FA91C69EE7800ADE7BB /* Resources */ = {
			isa = PBXResourcesBuildPhase;
			buildActionMask = 2147483647;
			files = (
			);
			runOnlyForDeploymentPostprocessing = 0;
		};
/* End PBXResourcesBuildPhase section */

/* Begin PBXSourcesBuildPhase section */
		A0A62F801C69EE7800ADE7BB /* Sources */ = {
			isa = PBXSourcesBuildPhase;
			buildActionMask = 2147483647;
			files = (
				A0C02DA31C6BF94B0012C72D /* ZYHVisitViewController.m in Sources */,
				A00660C11C72B3B5007CDE18 /* ZyhHomeViewController.m in Sources */,
				A0A62FBF1C6A23AA00ADE7BB /* AppDelegate.m in Sources */,
				A0A28F6C1C6D6BEF00880530 /* ZYHWBTableViewCell.m in Sources */,
				A0AEC0E91C6F2CE30082D95D /* ZYHImgViewController.m in Sources */,
				A0A62F891C69EE7800ADE7BB /* main.m in Sources */,
				A0AEC09E1C6EB6290082D95D /* ZYHVideoViewController.m in Sources */,
				A0A62FC31C6A292C00ADE7BB /* ZYHLoginViewController.m in Sources */,
				A0A62F951C69EE7800ADE7BB /* wbOrwc.xcdatamodeld in Sources */,
				A0C02DA71C6C0ACA0012C72D /* ZYHModel.m in Sources */,
			);
			runOnlyForDeploymentPostprocessing = 0;
		};
		A0A62F9C1C69EE7800ADE7BB /* Sources */ = {
			isa = PBXSourcesBuildPhase;
			buildActionMask = 2147483647;
			files = (
				A0A62FA51C69EE7800ADE7BB /* wbOrwcTests.m in Sources */,
			);
			runOnlyForDeploymentPostprocessing = 0;
		};
		A0A62FA71C69EE7800ADE7BB /* Sources */ = {
			isa = PBXSourcesBuildPhase;
			buildActionMask = 2147483647;
			files = (
				A0A62FB01C69EE7800ADE7BB /* wbOrwcUITests.m in Sources */,
			);
			runOnlyForDeploymentPostprocessing = 0;
		};
/* End PBXSourcesBuildPhase section */

/* Begin PBXTargetDependency section */
		A0A62FA21C69EE7800ADE7BB /* PBXTargetDependency */ = {
			isa = PBXTargetDependency;
			target = A0A62F831C69EE7800ADE7BB /* wbOrwc */;
			targetProxy = A0A62FA11C69EE7800ADE7BB /* PBXContainerItemProxy */;
		};
		A0A62FAD1C69EE7800ADE7BB /* PBXTargetDependency */ = {
			isa = PBXTargetDependency;
			target = A0A62F831C69EE7800ADE7BB /* wbOrwc */;
			targetProxy = A0A62FAC1C69EE7800ADE7BB /* PBXContainerItemProxy */;
		};
/* End PBXTargetDependency section */

/* Begin PBXVariantGroup section */
		A0A62F981C69EE7800ADE7BB /* LaunchScreen.storyboard */ = {
			isa = PBXVariantGroup;
			children = (
				A0A62F991C69EE7800ADE7BB /* Base */,
			);
			name = LaunchScreen.storyboard;
			sourceTree = "<group>";
		};
/* End PBXVariantGroup section */

/* Begin XCBuildConfiguration section */
		A0A62FB21C69EE7800ADE7BB /* Debug */ = {
			isa = XCBuildConfiguration;
			buildSettings = {
				ALWAYS_SEARCH_USER_PATHS = NO;
				CLANG_CXX_LANGUAGE_STANDARD = "gnu++0x";
				CLANG_CXX_LIBRARY = "libc++";
				CLANG_ENABLE_MODULES = YES;
				CLANG_ENABLE_OBJC_ARC = YES;
				CLANG_WARN_BOOL_CONVERSION = YES;
				CLANG_WARN_CONSTANT_CONVERSION = YES;
				CLANG_WARN_DIRECT_OBJC_ISA_USAGE = YES_ERROR;
				CLANG_WARN_EMPTY_BODY = YES;
				CLANG_WARN_ENUM_CONVERSION = YES;
				CLANG_WARN_INT_CONVERSION = YES;
				CLANG_WARN_OBJC_ROOT_CLASS = YES_ERROR;
				CLANG_WARN_UNREACHABLE_CODE = YES;
				CLANG_WARN__DUPLICATE_METHOD_MATCH = YES;
				"CODE_SIGN_IDENTITY[sdk=iphoneos*]" = "iPhone Developer";
				COPY_PHASE_STRIP = NO;
				DEBUG_INFORMATION_FORMAT = dwarf;
				ENABLE_STRICT_OBJC_MSGSEND = YES;
				ENABLE_TESTABILITY = YES;
				GCC_C_LANGUAGE_STANDARD = gnu99;
				GCC_DYNAMIC_NO_PIC = NO;
				GCC_NO_COMMON_BLOCKS = YES;
				GCC_OPTIMIZATION_LEVEL = 0;
				GCC_PREPROCESSOR_DEFINITIONS = (
					"DEBUG=1",
					"$(inherited)",
				);
				GCC_WARN_64_TO_32_BIT_CONVERSION = YES;
				GCC_WARN_ABOUT_RETURN_TYPE = YES_ERROR;
				GCC_WARN_UNDECLARED_SELECTOR = YES;
				GCC_WARN_UNINITIALIZED_AUTOS = YES_AGGRESSIVE;
				GCC_WARN_UNUSED_FUNCTION = YES;
				GCC_WARN_UNUSED_VARIABLE = YES;
				IPHONEOS_DEPLOYMENT_TARGET = 9.2;
				MTL_ENABLE_DEBUG_INFO = YES;
				ONLY_ACTIVE_ARCH = YES;
				SDKROOT = iphoneos;
			};
			name = Debug;
		};
		A0A62FB31C69EE7800ADE7BB /* Release */ = {
			isa = XCBuildConfiguration;
			buildSettings = {
				ALWAYS_SEARCH_USER_PATHS = NO;
				CLANG_CXX_LANGUAGE_STANDARD = "gnu++0x";
				CLANG_CXX_LIBRARY = "libc++";
				CLANG_ENABLE_MODULES = YES;
				CLANG_ENABLE_OBJC_ARC = YES;
				CLANG_WARN_BOOL_CONVERSION = YES;
				CLANG_WARN_CONSTANT_CONVERSION = YES;
				CLANG_WARN_DIRECT_OBJC_ISA_USAGE = YES_ERROR;
				CLANG_WARN_EMPTY_BODY = YES;
				CLANG_WARN_ENUM_CONVERSION = YES;
				CLANG_WARN_INT_CONVERSION = YES;
				CLANG_WARN_OBJC_ROOT_CLASS = YES_ERROR;
				CLANG_WARN_UNREACHABLE_CODE = YES;
				CLANG_WARN__DUPLICATE_METHOD_MATCH = YES;
				"CODE_SIGN_IDENTITY[sdk=iphoneos*]" = "iPhone Developer";
				COPY_PHASE_STRIP = NO;
				DEBUG_INFORMATION_FORMAT = "dwarf-with-dsym";
				ENABLE_NS_ASSERTIONS = NO;
				ENABLE_STRICT_OBJC_MSGSEND = YES;
				GCC_C_LANGUAGE_STANDARD = gnu99;
				GCC_NO_COMMON_BLOCKS = YES;
				GCC_WARN_64_TO_32_BIT_CONVERSION = YES;
				GCC_WARN_ABOUT_RETURN_TYPE = YES_ERROR;
				GCC_WARN_UNDECLARED_SELECTOR = YES;
				GCC_WARN_UNINITIALIZED_AUTOS = YES_AGGRESSIVE;
				GCC_WARN_UNUSED_FUNCTION = YES;
				GCC_WARN_UNUSED_VARIABLE = YES;
				IPHONEOS_DEPLOYMENT_TARGET = 9.2;
				MTL_ENABLE_DEBUG_INFO = NO;
				SDKROOT = iphoneos;
				VALIDATE_PRODUCT = YES;
			};
			name = Release;
		};
		A0A62FB51C69EE7800ADE7BB /* Debug */ = {
			isa = XCBuildConfiguration;
			buildSettings = {
				ASSETCATALOG_COMPILER_APPICON_NAME = AppIcon;
				INFOPLIST_FILE = wbOrwc/Info.plist;
				LD_RUNPATH_SEARCH_PATHS = "$(inherited) @executable_path/Frameworks";
				OTHER_LDFLAGS = "-all_load";
				PRODUCT_BUNDLE_IDENTIFIER = NextStep.wbOrwc;
				PRODUCT_NAME = "$(TARGET_NAME)";
			};
			name = Debug;
		};
		A0A62FB61C69EE7800ADE7BB /* Release */ = {
			isa = XCBuildConfiguration;
			buildSettings = {
				ASSETCATALOG_COMPILER_APPICON_NAME = AppIcon;
				INFOPLIST_FILE = wbOrwc/Info.plist;
				LD_RUNPATH_SEARCH_PATHS = "$(inherited) @executable_path/Frameworks";
				OTHER_LDFLAGS = "-all_load";
				PRODUCT_BUNDLE_IDENTIFIER = NextStep.wbOrwc;
				PRODUCT_NAME = "$(TARGET_NAME)";
			};
			name = Release;
		};
		A0A62FB81C69EE7800ADE7BB /* Debug */ = {
			isa = XCBuildConfiguration;
			buildSettings = {
				BUNDLE_LOADER = "$(TEST_HOST)";
				INFOPLIST_FILE = wbOrwcTests/Info.plist;
				LD_RUNPATH_SEARCH_PATHS = "$(inherited) @executable_path/Frameworks @loader_path/Frameworks";
				PRODUCT_BUNDLE_IDENTIFIER = NextStep.wbOrwcTests;
				PRODUCT_NAME = "$(TARGET_NAME)";
				TEST_HOST = "$(BUILT_PRODUCTS_DIR)/wbOrwc.app/wbOrwc";
			};
			name = Debug;
		};
		A0A62FB91C69EE7800ADE7BB /* Release */ = {
			isa = XCBuildConfiguration;
			buildSettings = {
				BUNDLE_LOADER = "$(TEST_HOST)";
				INFOPLIST_FILE = wbOrwcTests/Info.plist;
				LD_RUNPATH_SEARCH_PATHS = "$(inherited) @executable_path/Frameworks @loader_path/Frameworks";
				PRODUCT_BUNDLE_IDENTIFIER = NextStep.wbOrwcTests;
				PRODUCT_NAME = "$(TARGET_NAME)";
				TEST_HOST = "$(BUILT_PRODUCTS_DIR)/wbOrwc.app/wbOrwc";
			};
			name = Release;
		};
		A0A62FBB1C69EE7800ADE7BB /* Debug */ = {
			isa = XCBuildConfiguration;
			buildSettings = {
				INFOPLIST_FILE = wbOrwcUITests/Info.plist;
				LD_RUNPATH_SEARCH_PATHS = "$(inherited) @executable_path/Frameworks @loader_path/Frameworks";
				PRODUCT_BUNDLE_IDENTIFIER = NextStep.wbOrwcUITests;
				PRODUCT_NAME = "$(TARGET_NAME)";
				TEST_TARGET_NAME = wbOrwc;
				USES_XCTRUNNER = YES;
			};
			name = Debug;
		};
		A0A62FBC1C69EE7800ADE7BB /* Release */ = {
			isa = XCBuildConfiguration;
			buildSettings = {
				INFOPLIST_FILE = wbOrwcUITests/Info.plist;
				LD_RUNPATH_SEARCH_PATHS = "$(inherited) @executable_path/Frameworks @loader_path/Frameworks";
				PRODUCT_BUNDLE_IDENTIFIER = NextStep.wbOrwcUITests;
				PRODUCT_NAME = "$(TARGET_NAME)";
				TEST_TARGET_NAME = wbOrwc;
				USES_XCTRUNNER = YES;
			};
			name = Release;
		};
/* End XCBuildConfiguration section */

/* Begin XCConfigurationList section */
		A0A62F7F1C69EE7800ADE7BB /* Build configuration list for PBXProject "wbOrwc" */ = {
			isa = XCConfigurationList;
			buildConfigurations = (
				A0A62FB21C69EE7800ADE7BB /* Debug */,
				A0A62FB31C69EE7800ADE7BB /* Release */,
			);
			defaultConfigurationIsVisible = 0;
			defaultConfigurationName = Release;
		};
		A0A62FB41C69EE7800ADE7BB /* Build configuration list for PBXNativeTarget "wbOrwc" */ = {
			isa = XCConfigurationList;
			buildConfigurations = (
				A0A62FB51C69EE7800ADE7BB /* Debug */,
				A0A62FB61C69EE7800ADE7BB /* Release */,
			);
			defaultConfigurationIsVisible = 0;
			defaultConfigurationName = Release;
		};
		A0A62FB71C69EE7800ADE7BB /* Build configuration list for PBXNativeTarget "wbOrwcTests" */ = {
			isa = XCConfigurationList;
			buildConfigurations = (
				A0A62FB81C69EE7800ADE7BB /* Debug */,
				A0A62FB91C69EE7800ADE7BB /* Release */,
			);
			defaultConfigurationIsVisible = 0;
			defaultConfigurationName = Release;
		};
		A0A62FBA1C69EE7800ADE7BB /* Build configuration list for PBXNativeTarget "wbOrwcUITests" */ = {
			isa = XCConfigurationList;
			buildConfigurations = (
				A0A62FBB1C69EE7800ADE7BB /* Debug */,
				A0A62FBC1C69EE7800ADE7BB /* Release */,
			);
			defaultConfigurationIsVisible = 0;
			defaultConfigurationName = Release;
		};
/* End XCConfigurationList section */

/* Begin XCVersionGroup section */
		A0A62F931C69EE7800ADE7BB /* wbOrwc.xcdatamodeld */ = {
			isa = XCVersionGroup;
			children = (
				A0A62F941C69EE7800ADE7BB /* wbOrwc.xcdatamodel */,
			);
			currentVersion = A0A62F941C69EE7800ADE7BB /* wbOrwc.xcdatamodel */;
			path = wbOrwc.xcdatamodeld;
			sourceTree = "<group>";
			versionGroupType = wrapper.xcdatamodel;
		};
/* End XCVersionGroup section */
	};
	rootObject = A0A62F7C1C69EE7800ADE7BB /* Project object */;
}
